PODS:
  - Flutter (1.0.0)
  - integration_test (0.0.1):
    - Flutter
  - THEOplayer-Integration-THEOlive (11.10.2):
    - THEOplayer-Integration-THEOlive/Base (= 11.10.2)
  - THEOplayer-Integration-THEOlive/Base (11.10.2)
  - theoplayer_ios (1.0.3):
    - Flutter
    - THEOplayer-Integration-THEOlive (= 11.10.2)
    - THEOplayerSDK-core (= 11.10.2)
  - THEOplayerSDK-core (11.10.2)

DEPENDENCIES:
  - Flutter (from `Flutter`)
  - integration_test (from `.symlinks/plugins/integration_test/ios`)
  - theoplayer_ios (from `.symlinks/plugins/theoplayer_ios/ios`)

SPEC REPOS:
  trunk:
    - THEOplayer-Integration-THEOlive
    - THEOplayerSDK-core

EXTERNAL SOURCES:
  Flutter:
    :path: Flutter
  integration_test:
    :path: ".symlinks/plugins/integration_test/ios"
  theoplayer_ios:
    :path: ".symlinks/plugins/theoplayer_ios/ios"

SPEC CHECKSUMS:
  Flutter: 71a624a5bc0c04062bf19101d501e466baf2fb47
  integration_test: 4a889634ef21a45d28d50d622cf412dc6d9f586e
  THEOplayer-Integration-THEOlive: 5ab1e690a501a426fee8e205838896dc0514d457
  theoplayer_ios: 322136beed4f55a39f299c6365e31764b4f175a8
  THEOplayerSDK-core: 7a984c4620a5b48150a20ba6cea8b9463511034d

PODFILE CHECKSUM: 9c46fd01abff66081b39f5fa5767b3f1d0b11d76

COCOAPODS: 1.17.0
