PODS:
  - Flutter (1.0.0)
  - flutter_theoplayer_sdk_ios (0.0.1):
    - Flutter
    - THEOplayerSDK-core (= 6.5.0)
  - integration_test (0.0.1):
    - Flutter
  - THEOplayerSDK-core (6.5.0)

DEPENDENCIES:
  - Flutter (from `Flutter`)
  - flutter_theoplayer_sdk_ios (from `.symlinks/plugins/flutter_theoplayer_sdk_ios/ios`)
  - integration_test (from `.symlinks/plugins/integration_test/ios`)

SPEC REPOS:
  trunk:
    - THEOplayerSDK-core

EXTERNAL SOURCES:
  Flutter:
    :path: Flutter
  flutter_theoplayer_sdk_ios:
    :path: ".symlinks/plugins/flutter_theoplayer_sdk_ios/ios"
  integration_test:
    :path: ".symlinks/plugins/integration_test/ios"

SPEC CHECKSUMS:
  Flutter: f04841e97a9d0b0a8025694d0796dd46242b2854
  flutter_theoplayer_sdk_ios: 53fabd40df511a3cd5e582b7736779a2c3f55f34
  integration_test: 13825b8a9334a850581300559b8839134b124670
  THEOplayerSDK-core: dc0492bbd9164c7379e8a135ae60bb45f3120f17

PODFILE CHECKSUM: 7be2f5f74864d463a8ad433546ed1de7e0f29aef

COCOAPODS: 1.13.0
