PODS:
  - Flutter (1.0.0)
  - google-cast-sdk-dynamic-xcframework (4.7.1)
  - integration_test (0.0.1):
    - Flutter
  - THEOplayer-Integration-GoogleCast (6.10.1):
    - THEOplayer-Integration-GoogleCast/Base (= 6.10.1)
    - THEOplayer-Integration-GoogleCast/Dependencies (= 6.10.1)
  - THEOplayer-Integration-GoogleCast/Base (6.10.1)
  - THEOplayer-Integration-GoogleCast/Dependencies (6.10.1):
    - google-cast-sdk-dynamic-xcframework (~> 4.7.1)
  - theoplayer_ios (1.0.1):
    - Flutter
    - THEOplayer-Integration-GoogleCast (= 6.10.1)
    - THEOplayerSDK-core (= 6.10.1)
  - THEOplayerSDK-core (6.10.1)

DEPENDENCIES:
  - Flutter (from `Flutter`)
  - integration_test (from `.symlinks/plugins/integration_test/ios`)
  - theoplayer_ios (from `.symlinks/plugins/theoplayer_ios/ios`)

SPEC REPOS:
  trunk:
    - google-cast-sdk-dynamic-xcframework
    - THEOplayer-Integration-GoogleCast
    - THEOplayerSDK-core

EXTERNAL SOURCES:
  Flutter:
    :path: Flutter
  integration_test:
    :path: ".symlinks/plugins/integration_test/ios"
  theoplayer_ios:
    :path: ".symlinks/plugins/theoplayer_ios/ios"

SPEC CHECKSUMS:
  Flutter: e0871f40cf51350855a761d2e70bf5af5b9b5de7
  google-cast-sdk-dynamic-xcframework: 9e0ec6ff688d4c6590d9f29b13561d92ab0949e7
  integration_test: 13825b8a9334a850581300559b8839134b124670
  THEOplayer-Integration-GoogleCast: 1fb68547a2dfbf6707f5e017ef8cfde45fff524b
  theoplayer_ios: 5901300e36ac8e9daecb9e5f058d33883da550c4
  THEOplayerSDK-core: 543fe68107ae62f169daf6b0c236243f283b5461

PODFILE CHECKSUM: 7be2f5f74864d463a8ad433546ed1de7e0f29aef

COCOAPODS: 1.12.1
