PODS:
  - Flutter (1.0.0)
  - integration_test (0.0.1):
    - Flutter
  - theoplayer_integration_google_ima_ios (0.0.1):
    - Flutter

DEPENDENCIES:
  - Flutter (from `Flutter`)
  - integration_test (from `.symlinks/plugins/integration_test/ios`)
  - theoplayer_integration_google_ima_ios (from `.symlinks/plugins/theoplayer_integration_google_ima_ios/ios`)

EXTERNAL SOURCES:
  Flutter:
    :path: Flutter
  integration_test:
    :path: ".symlinks/plugins/integration_test/ios"
  theoplayer_integration_google_ima_ios:
    :path: ".symlinks/plugins/theoplayer_integration_google_ima_ios/ios"

SPEC CHECKSUMS:
  Flutter: e0871f40cf51350855a761d2e70bf5af5b9b5de7
  integration_test: 252f60fa39af5e17c3aa9899d35d908a0721b573
  theoplayer_integration_google_ima_ios: 1b1e43fe798d1fe5fcab5d356cd594f4f527b973

PODFILE CHECKSUM: 819463e6a0290f5a72f145ba7cde16e8b6ef0796

COCOAPODS: 1.15.2
